// !$*UTF8*$!
{
	archiveVersion = 1;
	classes = {
	};
	objectVersion = 46;
	objects = {

/* Begin PBXBuildFile section */
		5F92CA261CEC5C7B00129024 /* AppDelegate.swift in Sources */ = {isa = PBXBuildFile; fileRef = 5F92CA251CEC5C7B00129024 /* AppDelegate.swift */; };
		5F92CA281CEC5C7B00129024 /* ViewController.swift in Sources */ = {isa = PBXBuildFile; fileRef = 5F92CA271CEC5C7B00129024 /* ViewController.swift */; };
		5F92CA2B1CEC5C7B00129024 /* Main.storyboard in Resources */ = {isa = PBXBuildFile; fileRef = 5F92CA291CEC5C7B00129024 /* Main.storyboard */; };
		5F92CA2D1CEC5C7B00129024 /* Assets.xcassets in Resources */ = {isa = PBXBuildFile; fileRef = 5F92CA2C1CEC5C7B00129024 /* Assets.xcassets */; };
		5F92CA301CEC5C7B00129024 /* LaunchScreen.storyboard in Resources */ = {isa = PBXBuildFile; fileRef = 5F92CA2E1CEC5C7B00129024 /* LaunchScreen.storyboard */; };
		5F92CA3B1CEC5C7B00129024 /* MusicVideoTests.swift in Sources */ = {isa = PBXBuildFile; fileRef = 5F92CA3A1CEC5C7B00129024 /* MusicVideoTests.swift */; };
		5F92CA461CEC5C7B00129024 /* MusicVideoUITests.swift in Sources */ = {isa = PBXBuildFile; fileRef = 5F92CA451CEC5C7B00129024 /* MusicVideoUITests.swift */; };
/* End PBXBuildFile section */

/* Begin PBXContainerItemProxy section */
		5F92CA371CEC5C7B00129024 /* PBXContainerItemProxy */ = {
			isa = PBXContainerItemProxy;
			containerPortal = 5F92CA1A1CEC5C7B00129024 /* Project object */;
			proxyType = 1;
			remoteGlobalIDString = 5F92CA211CEC5C7B00129024;
			remoteInfo = MusicVideo;
		};
		5F92CA421CEC5C7B00129024 /* PBXContainerItemProxy */ = {
			isa = PBXContainerItemProxy;
			containerPortal = 5F92CA1A1CEC5C7B00129024 /* Project object */;
			proxyType = 1;
			remoteGlobalIDString = 5F92CA211CEC5C7B00129024;
			remoteInfo = MusicVideo;
		};
/* End PBXContainerItemProxy section */

/* Begin PBXFileReference section */
		5F92CA221CEC5C7B00129024 /* MusicVideo.app */ = {isa = PBXFileReference; explicitFileType = wrapper.application; includeInIndex = 0; path = MusicVideo.app; sourceTree = BUILT_PRODUCTS_DIR; };
		5F92CA251CEC5C7B00129024 /* AppDelegate.swift */ = {isa = PBXFileReference; lastKnownFileType = sourcecode.swift; path = AppDelegate.swift; sourceTree = "<group>"; };
		5F92CA271CEC5C7B00129024 /* ViewController.swift */ = {isa = PBXFileReference; lastKnownFileType = sourcecode.swift; path = ViewController.swift; sourceTree = "<group>"; };
		5F92CA2A1CEC5C7B00129024 /* Base */ = {isa = PBXFileReference; lastKnownFileType = file.storyboard; name = Base; path = Base.lproj/Main.storyboard; sourceTree = "<group>"; };
		5F92CA2C1CEC5C7B00129024 /* Assets.xcassets */ = {isa = PBXFileReference; lastKnownFileType = folder.assetcatalog; path = Assets.xcassets; sourceTree = "<group>"; };
		5F92CA2F1CEC5C7B00129024 /* Base */ = {isa = PBXFileReference; lastKnownFileType = file.storyboard; name = Base; path = Base.lproj/LaunchScreen.storyboard; sourceTree = "<group>"; };
		5F92CA311CEC5C7B00129024 /* Info.plist */ = {isa = PBXFileReference; lastKnownFileType = text.plist.xml; path = Info.plist; sourceTree = "<group>"; };
		5F92CA361CEC5C7B00129024 /* MusicVideoTests.xctest */ = {isa = PBXFileReference; explicitFileType = wrapper.cfbundle; includeInIndex = 0; path = MusicVideoTests.xctest; sourceTree = BUILT_PRODUCTS_DIR; };
		5F92CA3A1CEC5C7B00129024 /* MusicVideoTests.swift */ = {isa = PBXFileReference; lastKnownFileType = sourcecode.swift; path = MusicVideoTests.swift; sourceTree = "<group>"; };
		5F92CA3C1CEC5C7B00129024 /* Info.plist */ = {isa = PBXFileReference; lastKnownFileType = text.plist.xml; path = Info.plist; sourceTree = "<group>"; };
		5F92CA411CEC5C7B00129024 /* MusicVideoUITests.xctest */ = {isa = PBXFileReference; explicitFileType = wrapper.cfbundle; includeInIndex = 0; path = MusicVideoUITests.xctest; sourceTree = BUILT_PRODUCTS_DIR; };
		5F92CA451CEC5C7B00129024 /* MusicVideoUITests.swift */ = {isa = PBXFileReference; lastKnownFileType = sourcecode.swift; path = MusicVideoUITests.swift; sourceTree = "<group>"; };
		5F92CA471CEC5C7B00129024 /* Info.plist */ = {isa = PBXFileReference; lastKnownFileType = text.plist.xml; path = Info.plist; sourceTree = "<group>"; };
/* End PBXFileReference section */

/* Begin PBXFrameworksBuildPhase section */
		5F92CA1F1CEC5C7B00129024 /* Frameworks */ = {
			isa = PBXFrameworksBuildPhase;
			buildActionMask = 2147483647;
			files = (
			);
			runOnlyForDeploymentPostprocessing = 0;
		};
		5F92CA331CEC5C7B00129024 /* Frameworks */ = {
			isa = PBXFrameworksBuildPhase;
			buildActionMask = 2147483647;
			files = (
			);
			runOnlyForDeploymentPostprocessing = 0;
		};
		5F92CA3E1CEC5C7B00129024 /* Frameworks */ = {
			isa = PBXFrameworksBuildPhase;
			buildActionMask = 2147483647;
			files = (
			);
			runOnlyForDeploymentPostprocessing = 0;
		};
/* End PBXFrameworksBuildPhase section */

/* Begin PBXGroup section */
		5F92CA191CEC5C7B00129024 = {
			isa = PBXGroup;
			children = (
				5F92CA241CEC5C7B00129024 /* MusicVideo */,
				5F92CA391CEC5C7B00129024 /* MusicVideoTests */,
				5F92CA441CEC5C7B00129024 /* MusicVideoUITests */,
				5F92CA231CEC5C7B00129024 /* Products */,
			);
			sourceTree = "<group>";
		};
		5F92CA231CEC5C7B00129024 /* Products */ = {
			isa = PBXGroup;
			children = (
				5F92CA221CEC5C7B00129024 /* MusicVideo.app */,
				5F92CA361CEC5C7B00129024 /* MusicVideoTests.xctest */,
				5F92CA411CEC5C7B00129024 /* MusicVideoUITests.xctest */,
			);
			name = Products;
			sourceTree = "<group>";
		};
		5F92CA241CEC5C7B00129024 /* MusicVideo */ = {
			isa = PBXGroup;
			children = (
				5F92CA561CEC606300129024 /* Supporting Files */,
				5F92CA531CEC5FEF00129024 /* Model */,
				5F92CA541CEC600100129024 /* Controller */,
				5F92CA551CEC602E00129024 /* View */,
			);
			path = MusicVideo;
			sourceTree = "<group>";
		};
		5F92CA391CEC5C7B00129024 /* MusicVideoTests */ = {
			isa = PBXGroup;
			children = (
				5F92CA3A1CEC5C7B00129024 /* MusicVideoTests.swift */,
				5F92CA3C1CEC5C7B00129024 /* Info.plist */,
			);
			path = MusicVideoTests;
			sourceTree = "<group>";
		};
		5F92CA441CEC5C7B00129024 /* MusicVideoUITests */ = {
			isa = PBXGroup;
			children = (
				5F92CA451CEC5C7B00129024 /* MusicVideoUITests.swift */,
				5F92CA471CEC5C7B00129024 /* Info.plist */,
			);
			path = MusicVideoUITests;
			sourceTree = "<group>";
		};
		5F92CA531CEC5FEF00129024 /* Model */ = {
			isa = PBXGroup;
			children = (
			);
			name = Model;
			sourceTree = "<group>";
		};
		5F92CA541CEC600100129024 /* Controller */ = {
			isa = PBXGroup;
			children = (
				5F92CA271CEC5C7B00129024 /* ViewController.swift */,
			);
			name = Controller;
			sourceTree = "<group>";
		};
		5F92CA551CEC602E00129024 /* View */ = {
			isa = PBXGroup;
			children = (
				5F92CA2E1CEC5C7B00129024 /* LaunchScreen.storyboard */,
				5F92CA291CEC5C7B00129024 /* Main.storyboard */,
			);
			name = View;
			sourceTree = "<group>";
		};
		5F92CA561CEC606300129024 /* Supporting Files */ = {
			isa = PBXGroup;
			children = (
				5F92CA2C1CEC5C7B00129024 /* Assets.xcassets */,
				5F92CA311CEC5C7B00129024 /* Info.plist */,
				5F92CA251CEC5C7B00129024 /* AppDelegate.swift */,
			);
			name = "Supporting Files";
			sourceTree = "<group>";
		};
/* End PBXGroup section */

/* Begin PBXNativeTarget section */
		5F92CA211CEC5C7B00129024 /* MusicVideo */ = {
			isa = PBXNativeTarget;
			buildConfigurationList = 5F92CA4A1CEC5C7B00129024 /* Build configuration list for PBXNativeTarget "MusicVideo" */;
			buildPhases = (
				5F92CA1E1CEC5C7B00129024 /* Sources */,
				5F92CA1F1CEC5C7B00129024 /* Frameworks */,
				5F92CA201CEC5C7B00129024 /* Resources */,
			);
			buildRules = (
			);
			dependencies = (
			);
			name = MusicVideo;
			productName = MusicVideo;
			productReference = 5F92CA221CEC5C7B00129024 /* MusicVideo.app */;
			productType = "com.apple.product-type.application";
		};
		5F92CA351CEC5C7B00129024 /* MusicVideoTests */ = {
			isa = PBXNativeTarget;
			buildConfigurationList = 5F92CA4D1CEC5C7B00129024 /* Build configuration list for PBXNativeTarget "MusicVideoTests" */;
			buildPhases = (
				5F92CA321CEC5C7B00129024 /* Sources */,
				5F92CA331CEC5C7B00129024 /* Frameworks */,
				5F92CA341CEC5C7B00129024 /* Resources */,
			);
			buildRules = (
			);
			dependencies = (
				5F92CA381CEC5C7B00129024 /* PBXTargetDependency */,
			);
			name = MusicVideoTests;
			productName = MusicVideoTests;
			productReference = 5F92CA361CEC5C7B00129024 /* MusicVideoTests.xctest */;
			productType = "com.apple.product-type.bundle.unit-test";
		};
		5F92CA401CEC5C7B00129024 /* MusicVideoUITests */ = {
			isa = PBXNativeTarget;
			buildConfigurationList = 5F92CA501CEC5C7B00129024 /* Build configuration list for PBXNativeTarget "MusicVideoUITests" */;
			buildPhases = (
				5F92CA3D1CEC5C7B00129024 /* Sources */,
				5F92CA3E1CEC5C7B00129024 /* Frameworks */,
				5F92CA3F1CEC5C7B00129024 /* Resources */,
			);
			buildRules = (
			);
			dependencies = (
				5F92CA431CEC5C7B00129024 /* PBXTargetDependency */,
			);
			name = MusicVideoUITests;
			productName = MusicVideoUITests;
			productReference = 5F92CA411CEC5C7B00129024 /* MusicVideoUITests.xctest */;
			productType = "com.apple.product-type.bundle.ui-testing";
		};
/* End PBXNativeTarget section */

/* Begin PBXProject section */
		5F92CA1A1CEC5C7B00129024 /* Project object */ = {
			isa = PBXProject;
			attributes = {
				LastSwiftUpdateCheck = 0730;
				LastUpgradeCheck = 0730;
				ORGANIZATIONNAME = "Dan Dunareanu";
				TargetAttributes = {
					5F92CA211CEC5C7B00129024 = {
						CreatedOnToolsVersion = 7.3.1;
					};
					5F92CA351CEC5C7B00129024 = {
						CreatedOnToolsVersion = 7.3.1;
						TestTargetID = 5F92CA211CEC5C7B00129024;
					};
					5F92CA401CEC5C7B00129024 = {
						CreatedOnToolsVersion = 7.3.1;
						TestTargetID = 5F92CA211CEC5C7B00129024;
					};
				};
			};
			buildConfigurationList = 5F92CA1D1CEC5C7B00129024 /* Build configuration list for PBXProject "MusicVideo" */;
			compatibilityVersion = "Xcode 3.2";
			developmentRegion = English;
			hasScannedForEncodings = 0;
			knownRegions = (
				en,
				Base,
			);
			mainGroup = 5F92CA191CEC5C7B00129024;
			productRefGroup = 5F92CA231CEC5C7B00129024 /* Products */;
			projectDirPath = "";
			projectRoot = "";
			targets = (
				5F92CA211CEC5C7B00129024 /* MusicVideo */,
				5F92CA351CEC5C7B00129024 /* MusicVideoTests */,
				5F92CA401CEC5C7B00129024 /* MusicVideoUITests */,
			);
		};
/* End PBXProject section */

/* Begin PBXResourcesBuildPhase section */
		5F92CA201CEC5C7B00129024 /* Resources */ = {
			isa = PBXResourcesBuildPhase;
			buildActionMask = 2147483647;
			files = (
				5F92CA301CEC5C7B00129024 /* LaunchScreen.storyboard in Resources */,
				5F92CA2D1CEC5C7B00129024 /* Assets.xcassets in Resources */,
				5F92CA2B1CEC5C7B00129024 /* Main.storyboard in Resources */,
			);
			runOnlyForDeploymentPostprocessing = 0;
		};
		5F92CA341CEC5C7B00129024 /* Resources */ = {
			isa = PBXResourcesBuildPhase;
			buildActionMask = 2147483647;
			files = (
			);
			runOnlyForDeploymentPostprocessing = 0;
		};
		5F92CA3F1CEC5C7B00129024 /* Resources */ = {
			isa = PBXResourcesBuildPhase;
			buildActionMask = 2147483647;
			files = (
			);
			runOnlyForDeploymentPostprocessing = 0;
		};
/* End PBXResourcesBuildPhase section */

/* Begin PBXSourcesBuildPhase section */
		5F92CA1E1CEC5C7B00129024 /* Sources */ = {
			isa = PBXSourcesBuildPhase;
			buildActionMask = 2147483647;
			files = (
				5F92CA281CEC5C7B00129024 /* ViewController.swift in Sources */,
				5F92CA261CEC5C7B00129024 /* AppDelegate.swift in Sources */,
			);
			runOnlyForDeploymentPostprocessing = 0;
		};
		5F92CA321CEC5C7B00129024 /* Sources */ = {
			isa = PBXSourcesBuildPhase;
			buildActionMask = 2147483647;
			files = (
				5F92CA3B1CEC5C7B00129024 /* MusicVideoTests.swift in Sources */,
			);
			runOnlyForDeploymentPostprocessing = 0;
		};
		5F92CA3D1CEC5C7B00129024 /* Sources */ = {
			isa = PBXSourcesBuildPhase;
			buildActionMask = 2147483647;
			files = (
				5F92CA461CEC5C7B00129024 /* MusicVideoUITests.swift in Sources */,
			);
			runOnlyForDeploymentPostprocessing = 0;
		};
/* End PBXSourcesBuildPhase section */

/* Begin PBXTargetDependency section */
		5F92CA381CEC5C7B00129024 /* PBXTargetDependency */ = {
			isa = PBXTargetDependency;
			target = 5F92CA211CEC5C7B00129024 /* MusicVideo */;
			targetProxy = 5F92CA371CEC5C7B00129024 /* PBXContainerItemProxy */;
		};
		5F92CA431CEC5C7B00129024 /* PBXTargetDependency */ = {
			isa = PBXTargetDependency;
			target = 5F92CA211CEC5C7B00129024 /* MusicVideo */;
			targetProxy = 5F92CA421CEC5C7B00129024 /* PBXContainerItemProxy */;
		};
/* End PBXTargetDependency section */

/* Begin PBXVariantGroup section */
		5F92CA291CEC5C7B00129024 /* Main.storyboard */ = {
			isa = PBXVariantGroup;
			children = (
				5F92CA2A1CEC5C7B00129024 /* Base */,
			);
			name = Main.storyboard;
			sourceTree = "<group>";
		};
		5F92CA2E1CEC5C7B00129024 /* LaunchScreen.storyboard */ = {
			isa = PBXVariantGroup;
			children = (
				5F92CA2F1CEC5C7B00129024 /* Base */,
			);
			name = LaunchScreen.storyboard;
			sourceTree = "<group>";
		};
/* End PBXVariantGroup section */

/* Begin XCBuildConfiguration section */
		5F92CA481CEC5C7B00129024 /* Debug */ = {
			isa = XCBuildConfiguration;
			buildSettings = {
				ALWAYS_SEARCH_USER_PATHS = NO;
				CLANG_ANALYZER_NONNULL = YES;
				CLANG_CXX_LANGUAGE_STANDARD = "gnu++0x";
				CLANG_CXX_LIBRARY = "libc++";
				CLANG_ENABLE_MODULES = YES;
				CLANG_ENABLE_OBJC_ARC = YES;
				CLANG_WARN_BOOL_CONVERSION = YES;
				CLANG_WARN_CONSTANT_CONVERSION = YES;
				CLANG_WARN_DIRECT_OBJC_ISA_USAGE = YES_ERROR;
				CLANG_WARN_EMPTY_BODY = YES;
				CLANG_WARN_ENUM_CONVERSION = YES;
				CLANG_WARN_INT_CONVERSION = YES;
				CLANG_WARN_OBJC_ROOT_CLASS = YES_ERROR;
				CLANG_WARN_UNREACHABLE_CODE = YES;
				CLANG_WARN__DUPLICATE_METHOD_MATCH = YES;
				"CODE_SIGN_IDENTITY[sdk=iphoneos*]" = "iPhone Developer";
				COPY_PHASE_STRIP = NO;
				DEBUG_INFORMATION_FORMAT = dwarf;
				ENABLE_STRICT_OBJC_MSGSEND = YES;
				ENABLE_TESTABILITY = YES;
				GCC_C_LANGUAGE_STANDARD = gnu99;
				GCC_DYNAMIC_NO_PIC = NO;
				GCC_NO_COMMON_BLOCKS = YES;
				GCC_OPTIMIZATION_LEVEL = 0;
				GCC_PREPROCESSOR_DEFINITIONS = (
					"DEBUG=1",
					"$(inherited)",
				);
				GCC_WARN_64_TO_32_BIT_CONVERSION = YES;
				GCC_WARN_ABOUT_RETURN_TYPE = YES_ERROR;
				GCC_WARN_UNDECLARED_SELECTOR = YES;
				GCC_WARN_UNINITIALIZED_AUTOS = YES_AGGRESSIVE;
				GCC_WARN_UNUSED_FUNCTION = YES;
				GCC_WARN_UNUSED_VARIABLE = YES;
				IPHONEOS_DEPLOYMENT_TARGET = 9.3;
				MTL_ENABLE_DEBUG_INFO = YES;
				ONLY_ACTIVE_ARCH = YES;
				SDKROOT = iphoneos;
				SWIFT_OPTIMIZATION_LEVEL = "-Onone";
				TARGETED_DEVICE_FAMILY = "1,2";
			};
			name = Debug;
		};
		5F92CA491CEC5C7B00129024 /* Release */ = {
			isa = XCBuildConfiguration;
			buildSettings = {
				ALWAYS_SEARCH_USER_PATHS = NO;
				CLANG_ANALYZER_NONNULL = YES;
				CLANG_CXX_LANGUAGE_STANDARD = "gnu++0x";
				CLANG_CXX_LIBRARY = "libc++";
				CLANG_ENABLE_MODULES = YES;
				CLANG_ENABLE_OBJC_ARC = YES;
				CLANG_WARN_BOOL_CONVERSION = YES;
				CLANG_WARN_CONSTANT_CONVERSION = YES;
				CLANG_WARN_DIRECT_OBJC_ISA_USAGE = YES_ERROR;
				CLANG_WARN_EMPTY_BODY = YES;
				CLANG_WARN_ENUM_CONVERSION = YES;
				CLANG_WARN_INT_CONVERSION = YES;
				CLANG_WARN_OBJC_ROOT_CLASS = YES_ERROR;
				CLANG_WARN_UNREACHABLE_CODE = YES;
				CLANG_WARN__DUPLICATE_METHOD_MATCH = YES;
				"CODE_SIGN_IDENTITY[sdk=iphoneos*]" = "iPhone Developer";
				COPY_PHASE_STRIP = NO;
				DEBUG_INFORMATION_FORMAT = "dwarf-with-dsym";
				ENABLE_NS_ASSERTIONS = NO;
				ENABLE_STRICT_OBJC_MSGSEND = YES;
				GCC_C_LANGUAGE_STANDARD = gnu99;
				GCC_NO_COMMON_BLOCKS = YES;
				GCC_WARN_64_TO_32_BIT_CONVERSION = YES;
				GCC_WARN_ABOUT_RETURN_TYPE = YES_ERROR;
				GCC_WARN_UNDECLARED_SELECTOR = YES;
				GCC_WARN_UNINITIALIZED_AUTOS = YES_AGGRESSIVE;
				GCC_WARN_UNUSED_FUNCTION = YES;
				GCC_WARN_UNUSED_VARIABLE = YES;
				IPHONEOS_DEPLOYMENT_TARGET = 9.3;
				MTL_ENABLE_DEBUG_INFO = NO;
				SDKROOT = iphoneos;
				TARGETED_DEVICE_FAMILY = "1,2";
				VALIDATE_PRODUCT = YES;
			};
			name = Release;
		};
		5F92CA4B1CEC5C7B00129024 /* Debug */ = {
			isa = XCBuildConfiguration;
			buildSettings = {
				ASSETCATALOG_COMPILER_APPICON_NAME = AppIcon;
				INFOPLIST_FILE = MusicVideo/Info.plist;
				LD_RUNPATH_SEARCH_PATHS = "$(inherited) @executable_path/Frameworks";
				PRODUCT_BUNDLE_IDENTIFIER = com.wayontec.MusicVideo;
				PRODUCT_NAME = "$(TARGET_NAME)";
			};
			name = Debug;
		};
		5F92CA4C1CEC5C7B00129024 /* Release */ = {
			isa = XCBuildConfiguration;
			buildSettings = {
				ASSETCATALOG_COMPILER_APPICON_NAME = AppIcon;
				INFOPLIST_FILE = MusicVideo/Info.plist;
				LD_RUNPATH_SEARCH_PATHS = "$(inherited) @executable_path/Frameworks";
				PRODUCT_BUNDLE_IDENTIFIER = com.wayontec.MusicVideo;
				PRODUCT_NAME = "$(TARGET_NAME)";
			};
			name = Release;
		};
		5F92CA4E1CEC5C7B00129024 /* Debug */ = {
			isa = XCBuildConfiguration;
			buildSettings = {
				BUNDLE_LOADER = "$(TEST_HOST)";
				INFOPLIST_FILE = MusicVideoTests/Info.plist;
				LD_RUNPATH_SEARCH_PATHS = "$(inherited) @executable_path/Frameworks @loader_path/Frameworks";
				PRODUCT_BUNDLE_IDENTIFIER = com.wayontec.MusicVideoTests;
				PRODUCT_NAME = "$(TARGET_NAME)";
				TEST_HOST = "$(BUILT_PRODUCTS_DIR)/MusicVideo.app/MusicVideo";
			};
			name = Debug;
		};
		5F92CA4F1CEC5C7B00129024 /* Release */ = {
			isa = XCBuildConfiguration;
			buildSettings = {
				BUNDLE_LOADER = "$(TEST_HOST)";
				INFOPLIST_FILE = MusicVideoTests/Info.plist;
				LD_RUNPATH_SEARCH_PATHS = "$(inherited) @executable_path/Frameworks @loader_path/Frameworks";
				PRODUCT_BUNDLE_IDENTIFIER = com.wayontec.MusicVideoTests;
				PRODUCT_NAME = "$(TARGET_NAME)";
				TEST_HOST = "$(BUILT_PRODUCTS_DIR)/MusicVideo.app/MusicVideo";
			};
			name = Release;
		};
		5F92CA511CEC5C7B00129024 /* Debug */ = {
			isa = XCBuildConfiguration;
			buildSettings = {
				INFOPLIST_FILE = MusicVideoUITests/Info.plist;
				LD_RUNPATH_SEARCH_PATHS = "$(inherited) @executable_path/Frameworks @loader_path/Frameworks";
				PRODUCT_BUNDLE_IDENTIFIER = com.wayontec.MusicVideoUITests;
				PRODUCT_NAME = "$(TARGET_NAME)";
				TEST_TARGET_NAME = MusicVideo;
			};
			name = Debug;
		};
		5F92CA521CEC5C7B00129024 /* Release */ = {
			isa = XCBuildConfiguration;
			buildSettings = {
				INFOPLIST_FILE = MusicVideoUITests/Info.plist;
				LD_RUNPATH_SEARCH_PATHS = "$(inherited) @executable_path/Frameworks @loader_path/Frameworks";
				PRODUCT_BUNDLE_IDENTIFIER = com.wayontec.MusicVideoUITests;
				PRODUCT_NAME = "$(TARGET_NAME)";
				TEST_TARGET_NAME = MusicVideo;
			};
			name = Release;
		};
/* End XCBuildConfiguration section */

/* Begin XCConfigurationList section */
		5F92CA1D1CEC5C7B00129024 /* Build configuration list for PBXProject "MusicVideo" */ = {
			isa = XCConfigurationList;
			buildConfigurations = (
				5F92CA481CEC5C7B00129024 /* Debug */,
				5F92CA491CEC5C7B00129024 /* Release */,
			);
			defaultConfigurationIsVisible = 0;
			defaultConfigurationName = Release;
		};
		5F92CA4A1CEC5C7B00129024 /* Build configuration list for PBXNativeTarget "MusicVideo" */ = {
			isa = XCConfigurationList;
			buildConfigurations = (
				5F92CA4B1CEC5C7B00129024 /* Debug */,
				5F92CA4C1CEC5C7B00129024 /* Release */,
			);
			defaultConfigurationIsVisible = 0;
		};
		5F92CA4D1CEC5C7B00129024 /* Build configuration list for PBXNativeTarget "MusicVideoTests" */ = {
			isa = XCConfigurationList;
			buildConfigurations = (
				5F92CA4E1CEC5C7B00129024 /* Debug */,
				5F92CA4F1CEC5C7B00129024 /* Release */,
			);
			defaultConfigurationIsVisible = 0;
		};
		5F92CA501CEC5C7B00129024 /* Build configuration list for PBXNativeTarget "MusicVideoUITests" */ = {
			isa = XCConfigurationList;
			buildConfigurations = (
				5F92CA511CEC5C7B00129024 /* Debug */,
				5F92CA521CEC5C7B00129024 /* Release */,
			);
			defaultConfigurationIsVisible = 0;
		};
/* End XCConfigurationList section */
	};
	rootObject = 5F92CA1A1CEC5C7B00129024 /* Project object */;
}
